// !$*UTF8*$!
{
	archiveVersion = 1;
	classes = {
	};
	objectVersion = 46;
	objects = {

/* Begin PBXBuildFile section */
		84C09B9C1BABD7D90045BED0 /* AppDelegate.swift in Sources */ = {isa = PBXBuildFile; fileRef = 84C09B9B1BABD7D90045BED0 /* AppDelegate.swift */; };
		84C09BA31BABD7D90045BED0 /* Assets.xcassets in Resources */ = {isa = PBXBuildFile; fileRef = 84C09BA21BABD7D90045BED0 /* Assets.xcassets */; };
		84C09BA61BABD7D90045BED0 /* LaunchScreen.storyboard in Resources */ = {isa = PBXBuildFile; fileRef = 84C09BA41BABD7D90045BED0 /* LaunchScreen.storyboard */; };
		84C09BAE1BABD83A0045BED0 /* JFTableViewController.swift in Sources */ = {isa = PBXBuildFile; fileRef = 84C09BAD1BABD83A0045BED0 /* JFTableViewController.swift */; settings = {ASSET_TAGS = (); }; };
/* End PBXBuildFile section */

/* Begin PBXFileReference section */
		84C09B981BABD7D90045BED0 /* RefreshView-Demo.app */ = {isa = PBXFileReference; explicitFileType = wrapper.application; includeInIndex = 0; path = "RefreshView-Demo.app"; sourceTree = BUILT_PRODUCTS_DIR; };
		84C09B9B1BABD7D90045BED0 /* AppDelegate.swift */ = {isa = PBXFileReference; lastKnownFileType = sourcecode.swift; path = AppDelegate.swift; sourceTree = "<group>"; };
		84C09BA21BABD7D90045BED0 /* Assets.xcassets */ = {isa = PBXFileReference; lastKnownFileType = folder.assetcatalog; path = Assets.xcassets; sourceTree = "<group>"; };
		84C09BA51BABD7D90045BED0 /* Base */ = {isa = PBXFileReference; lastKnownFileType = file.storyboard; name = Base; path = Base.lproj/LaunchScreen.storyboard; sourceTree = "<group>"; };
		84C09BA71BABD7D90045BED0 /* Info.plist */ = {isa = PBXFileReference; lastKnownFileType = text.plist.xml; path = Info.plist; sourceTree = "<group>"; };
		84C09BAD1BABD83A0045BED0 /* JFTableViewController.swift */ = {isa = PBXFileReference; fileEncoding = 4; lastKnownFileType = sourcecode.swift; path = JFTableViewController.swift; sourceTree = "<group>"; };
/* End PBXFileReference section */

/* Begin PBXFrameworksBuildPhase section */
		84C09B951BABD7D90045BED0 /* Frameworks */ = {
			isa = PBXFrameworksBuildPhase;
			buildActionMask = 2147483647;
			files = (
			);
			runOnlyForDeploymentPostprocessing = 0;
		};
/* End PBXFrameworksBuildPhase section */

/* Begin PBXGroup section */
		84C09B8F1BABD7D90045BED0 = {
			isa = PBXGroup;
			children = (
				84C09B9A1BABD7D90045BED0 /* RefreshView-Demo */,
				84C09B991BABD7D90045BED0 /* Products */,
			);
			sourceTree = "<group>";
		};
		84C09B991BABD7D90045BED0 /* Products */ = {
			isa = PBXGroup;
			children = (
				84C09B981BABD7D90045BED0 /* RefreshView-Demo.app */,
			);
			name = Products;
			sourceTree = "<group>";
		};
		84C09B9A1BABD7D90045BED0 /* RefreshView-Demo */ = {
			isa = PBXGroup;
			children = (
				84C09B9B1BABD7D90045BED0 /* AppDelegate.swift */,
				84C09BAD1BABD83A0045BED0 /* JFTableViewController.swift */,
				84C09BA21BABD7D90045BED0 /* Assets.xcassets */,
				84C09BA41BABD7D90045BED0 /* LaunchScreen.storyboard */,
				84C09BA71BABD7D90045BED0 /* Info.plist */,
			);
			path = "RefreshView-Demo";
			sourceTree = "<group>";
		};
/* End PBXGroup section */

/* Begin PBXNativeTarget section */
		84C09B971BABD7D90045BED0 /* RefreshView-Demo */ = {
			isa = PBXNativeTarget;
			buildConfigurationList = 84C09BAA1BABD7D90045BED0 /* Build configuration list for PBXNativeTarget "RefreshView-Demo" */;
			buildPhases = (
				84C09B941BABD7D90045BED0 /* Sources */,
				84C09B951BABD7D90045BED0 /* Frameworks */,
				84C09B961BABD7D90045BED0 /* Resources */,
			);
			buildRules = (
			);
			dependencies = (
			);
			name = "RefreshView-Demo";
			productName = "RefreshView-Demo";
			productReference = 84C09B981BABD7D90045BED0 /* RefreshView-Demo.app */;
			productType = "com.apple.product-type.application";
		};
/* End PBXNativeTarget section */

/* Begin PBXProject section */
		84C09B901BABD7D90045BED0 /* Project object */ = {
			isa = PBXProject;
			attributes = {
				CLASSPREFIX = JF;
				LastUpgradeCheck = 0700;
				ORGANIZATIONNAME = Jefferson;
				TargetAttributes = {
					84C09B971BABD7D90045BED0 = {
						CreatedOnToolsVersion = 7.0;
						DevelopmentTeam = TH9KN2TTBL;
					};
				};
			};
			buildConfigurationList = 84C09B931BABD7D90045BED0 /* Build configuration list for PBXProject "RefreshView-Demo" */;
			compatibilityVersion = "Xcode 3.2";
			developmentRegion = English;
			hasScannedForEncodings = 0;
			knownRegions = (
				en,
				Base,
			);
			mainGroup = 84C09B8F1BABD7D90045BED0;
			productRefGroup = 84C09B991BABD7D90045BED0 /* Products */;
			projectDirPath = "";
			projectRoot = "";
			targets = (
				84C09B971BABD7D90045BED0 /* RefreshView-Demo */,
			);
		};
/* End PBXProject section */

/* Begin PBXResourcesBuildPhase section */
		84C09B961BABD7D90045BED0 /* Resources */ = {
			isa = PBXResourcesBuildPhase;
			buildActionMask = 2147483647;
			files = (
				84C09BA61BABD7D90045BED0 /* LaunchScreen.storyboard in Resources */,
				84C09BA31BABD7D90045BED0 /* Assets.xcassets in Resources */,
			);
			runOnlyForDeploymentPostprocessing = 0;
		};
/* End PBXResourcesBuildPhase section */

/* Begin PBXSourcesBuildPhase section */
		84C09B941BABD7D90045BED0 /* Sources */ = {
			isa = PBXSourcesBuildPhase;
			buildActionMask = 2147483647;
			files = (
				84C09B9C1BABD7D90045BED0 /* AppDelegate.swift in Sources */,
				84C09BAE1BABD83A0045BED0 /* JFTableViewController.swift in Sources */,
			);
			runOnlyForDeploymentPostprocessing = 0;
		};
/* End PBXSourcesBuildPhase section */

/* Begin PBXVariantGroup section */
		84C09BA41BABD7D90045BED0 /* LaunchScreen.storyboard */ = {
			isa = PBXVariantGroup;
			children = (
				84C09BA51BABD7D90045BED0 /* Base */,
			);
			name = LaunchScreen.storyboard;
			sourceTree = "<group>";
		};
/* End PBXVariantGroup section */

/* Begin XCBuildConfiguration section */
		84C09BA81BABD7D90045BED0 /* Debug */ = {
			isa = XCBuildConfiguration;
			buildSettings = {
				ALWAYS_SEARCH_USER_PATHS = NO;
				CLANG_CXX_LANGUAGE_STANDARD = "gnu++0x";
				CLANG_CXX_LIBRARY = "libc++";
				CLANG_ENABLE_MODULES = YES;
				CLANG_ENABLE_OBJC_ARC = YES;
				CLANG_WARN_BOOL_CONVERSION = YES;
				CLANG_WARN_CONSTANT_CONVERSION = YES;
				CLANG_WARN_DIRECT_OBJC_ISA_USAGE = YES_ERROR;
				CLANG_WARN_EMPTY_BODY = YES;
				CLANG_WARN_ENUM_CONVERSION = YES;
				CLANG_WARN_INT_CONVERSION = YES;
				CLANG_WARN_OBJC_ROOT_CLASS = YES_ERROR;
				CLANG_WARN_UNREACHABLE_CODE = YES;
				CLANG_WARN__DUPLICATE_METHOD_MATCH = YES;
				"CODE_SIGN_IDENTITY[sdk=iphoneos*]" = "iPhone Developer";
				COPY_PHASE_STRIP = NO;
				DEBUG_INFORMATION_FORMAT = dwarf;
				ENABLE_STRICT_OBJC_MSGSEND = YES;
				ENABLE_TESTABILITY = YES;
				GCC_C_LANGUAGE_STANDARD = gnu99;
				GCC_DYNAMIC_NO_PIC = NO;
				GCC_NO_COMMON_BLOCKS = YES;
				GCC_OPTIMIZATION_LEVEL = 0;
				GCC_PREPROCESSOR_DEFINITIONS = (
					"DEBUG=1",
					"$(inherited)",
				);
				GCC_WARN_64_TO_32_BIT_CONVERSION = YES;
				GCC_WARN_ABOUT_RETURN_TYPE = YES_ERROR;
				GCC_WARN_UNDECLARED_SELECTOR = YES;
				GCC_WARN_UNINITIALIZED_AUTOS = YES_AGGRESSIVE;
				GCC_WARN_UNUSED_FUNCTION = YES;
				GCC_WARN_UNUSED_VARIABLE = YES;
				IPHONEOS_DEPLOYMENT_TARGET = 9.0;
				MTL_ENABLE_DEBUG_INFO = YES;
				ONLY_ACTIVE_ARCH = YES;
				SDKROOT = iphoneos;
				SWIFT_OPTIMIZATION_LEVEL = "-Onone";
				TARGETED_DEVICE_FAMILY = "1,2";
			};
			name = Debug;
		};
		84C09BA91BABD7D90045BED0 /* Release */ = {
			isa = XCBuildConfiguration;
			buildSettings = {
				ALWAYS_SEARCH_USER_PATHS = NO;
				CLANG_CXX_LANGUAGE_STANDARD = "gnu++0x";
				CLANG_CXX_LIBRARY = "libc++";
				CLANG_ENABLE_MODULES = YES;
				CLANG_ENABLE_OBJC_ARC = YES;
				CLANG_WARN_BOOL_CONVERSION = YES;
				CLANG_WARN_CONSTANT_CONVERSION = YES;
				CLANG_WARN_DIRECT_OBJC_ISA_USAGE = YES_ERROR;
				CLANG_WARN_EMPTY_BODY = YES;
				CLANG_WARN_ENUM_CONVERSION = YES;
				CLANG_WARN_INT_CONVERSION = YES;
				CLANG_WARN_OBJC_ROOT_CLASS = YES_ERROR;
				CLANG_WARN_UNREACHABLE_CODE = YES;
				CLANG_WARN__DUPLICATE_METHOD_MATCH = YES;
				"CODE_SIGN_IDENTITY[sdk=iphoneos*]" = "iPhone Developer";
				COPY_PHASE_STRIP = NO;
				DEBUG_INFORMATION_FORMAT = "dwarf-with-dsym";
				ENABLE_NS_ASSERTIONS = NO;
				ENABLE_STRICT_OBJC_MSGSEND = YES;
				GCC_C_LANGUAGE_STANDARD = gnu99;
				GCC_NO_COMMON_BLOCKS = YES;
				GCC_WARN_64_TO_32_BIT_CONVERSION = YES;
				GCC_WARN_ABOUT_RETURN_TYPE = YES_ERROR;
				GCC_WARN_UNDECLARED_SELECTOR = YES;
				GCC_WARN_UNINITIALIZED_AUTOS = YES_AGGRESSIVE;
				GCC_WARN_UNUSED_FUNCTION = YES;
				GCC_WARN_UNUSED_VARIABLE = YES;
				IPHONEOS_DEPLOYMENT_TARGET = 9.0;
				MTL_ENABLE_DEBUG_INFO = NO;
				SDKROOT = iphoneos;
				TARGETED_DEVICE_FAMILY = "1,2";
				VALIDATE_PRODUCT = YES;
			};
			name = Release;
		};
		84C09BAB1BABD7D90045BED0 /* Debug */ = {
			isa = XCBuildConfiguration;
			buildSettings = {
				ASSETCATALOG_COMPILER_APPICON_NAME = AppIcon;
				INFOPLIST_FILE = "RefreshView-Demo/Info.plist";
				LD_RUNPATH_SEARCH_PATHS = "$(inherited) @executable_path/Frameworks";
				PRODUCT_BUNDLE_IDENTIFIER = "me.wuzer.RefreshView-Demo";
				PRODUCT_NAME = "$(TARGET_NAME)";
			};
			name = Debug;
		};
		84C09BAC1BABD7D90045BED0 /* Release */ = {
			isa = XCBuildConfiguration;
			buildSettings = {
				ASSETCATALOG_COMPILER_APPICON_NAME = AppIcon;
				INFOPLIST_FILE = "RefreshView-Demo/Info.plist";
				LD_RUNPATH_SEARCH_PATHS = "$(inherited) @executable_path/Frameworks";
				PRODUCT_BUNDLE_IDENTIFIER = "me.wuzer.RefreshView-Demo";
				PRODUCT_NAME = "$(TARGET_NAME)";
			};
			name = Release;
		};
/* End XCBuildConfiguration section */

/* Begin XCConfigurationList section */
		84C09B931BABD7D90045BED0 /* Build configuration list for PBXProject "RefreshView-Demo" */ = {
			isa = XCConfigurationList;
			buildConfigurations = (
				84C09BA81BABD7D90045BED0 /* Debug */,
				84C09BA91BABD7D90045BED0 /* Release */,
			);
			defaultConfigurationIsVisible = 0;
			defaultConfigurationName = Release;
		};
		84C09BAA1BABD7D90045BED0 /* Build configuration list for PBXNativeTarget "RefreshView-Demo" */ = {
			isa = XCConfigurationList;
			buildConfigurations = (
				84C09BAB1BABD7D90045BED0 /* Debug */,
				84C09BAC1BABD7D90045BED0 /* Release */,
			);
			defaultConfigurationIsVisible = 0;
		};
/* End XCConfigurationList section */
	};
	rootObject = 84C09B901BABD7D90045BED0 /* Project object */;
}
